<?xml version="1.0" encoding="utf-8"?>
<Project ToolsVersion="4.0" xmlns="http://schemas.microsoft.com/developer/msbuild/2003">
  <ItemGroup>
    <Filter Include="Quelldateien">
      <UniqueIdentifier>{4FC737F1-C7A5-4376-A066-2A32D752A2FF}</UniqueIdentifier>
      <Extensions>cpp;c;cc;cxx;def;odl;idl;hpj;bat;asm;asmx</Extensions>
    </Filter>
    <Filter Include="Headerdateien">
      <UniqueIdentifier>{93995380-89BD-4b04-88EB-625FBE52EBFB}</UniqueIdentifier>
      <Extensions>h;hh;hpp;hxx;hm;inl;inc;xsd</Extensions>
    </Filter>
    <Filter Include="stb_image">
      <UniqueIdentifier>{b4ea0383-0828-4a40-a2b5-d6a792198ad9}</UniqueIdentifier>
    </Filter>
    <Filter Include="Headerdateien\Component">
      <UniqueIdentifier>{38bfdfcf-ef03-4459-91e2-cb1d4d5a6160}</UniqueIdentifier>
    </Filter>
    <Filter Include="Headerdateien\Core">
      <UniqueIdentifier>{17f30020-ebd8-4496-875f-58daf5c34028}</UniqueIdentifier>
    </Filter>
    <Filter Include="Headerdateien\Audio">
      <UniqueIdentifier>{e1fdc0ed-d5e4-491b-ad24-f548aa58a6c7}</UniqueIdentifier>
    </Filter>
    <Filter Include="Headerdateien\Physics">
      <UniqueIdentifier>{cba0e687-2138-4a87-be77-94ee0aacbc08}</UniqueIdentifier>
    </Filter>
    <Filter Include="Headerdateien\Rendering">
      <UniqueIdentifier>{183c404e-ce19-4c88-9405-d1e12fb461ee}</UniqueIdentifier>
    </Filter>
    <Filter Include="Quelldateien\Component">
      <UniqueIdentifier>{5eb68446-c4eb-4bb1-889a-91b22e072f48}</UniqueIdentifier>
    </Filter>
    <Filter Include="Quelldateien\Core">
      <UniqueIdentifier>{894ce82b-975e-4133-a8be-d9312ec8363a}</UniqueIdentifier>
    </Filter>
    <Filter Include="Quelldateien\Audio">
      <UniqueIdentifier>{a268da0b-9052-4171-ae75-267435c2a629}</UniqueIdentifier>
    </Filter>
    <Filter Include="Quelldateien\Rendering">
      <UniqueIdentifier>{4fc880d2-709f-4815-a268-43fcba359b2e}</UniqueIdentifier>
    </Filter>
    <Filter Include="Quelldateien\Physics">
      <UniqueIdentifier>{529526ae-e5b6-42c0-8461-f48af4d51cf6}</UniqueIdentifier>
    </Filter>
    <Filter Include="Headerdateien\IO">
      <UniqueIdentifier>{ff7ae8f2-a1a2-4fff-9ab0-ded4dd21b52d}</UniqueIdentifier>
    </Filter>
    <Filter Include="Quelldateien\IO">
      <UniqueIdentifier>{4a8771e5-7e17-4675-a25b-95ef4e8b113e}</UniqueIdentifier>
    </Filter>
    <Filter Include="Quelldateien\Net">
      <UniqueIdentifier>{0e13437f-ba41-45cc-9e03-f09ddb8aa3bc}</UniqueIdentifier>
    </Filter>
    <Filter Include="Headerdateien\Net">
      <UniqueIdentifier>{8457a09f-dc7e-41d8-a1cf-4883bc526ef1}</UniqueIdentifier>
    </Filter>
    <Filter Include="Headerdateien\Algorithm">
      <UniqueIdentifier>{16a4767e-7a28-4835-b495-7c1cec46025d}</UniqueIdentifier>
    </Filter>
    <Filter Include="Quelldateien\Algorithm">
      <UniqueIdentifier>{f497783e-582d-492f-ba0a-a394ef37b6a0}</UniqueIdentifier>
    </Filter>
  </ItemGroup>
  <ItemGroup>
    <ClCompile Include="Enco3D\stb_image.c">
      <Filter>Quelldateien</Filter>
    </ClCompile>
    <ClCompile Include="Enco3D\BoxCollisionShape.cpp">
      <Filter>Quelldateien\Physics</Filter>
    </ClCompile>
    <ClCompile Include="Enco3D\CapsuleCollisionShape.cpp">
      <Filter>Quelldateien\Physics</Filter>
    </ClCompile>
    <ClCompile Include="Enco3D\ConeCollisionShape.cpp">
      <Filter>Quelldateien\Physics</Filter>
    </ClCompile>
    <ClCompile Include="Enco3D\ConvexMeshCollisionShape.cpp">
      <Filter>Quelldateien\Physics</Filter>
    </ClCompile>
    <ClCompile Include="Enco3D\CylinderCollisionShape.cpp">
      <Filter>Quelldateien\Physics</Filter>
    </ClCompile>
    <ClCompile Include="Enco3D\PhysicsEngine.cpp">
      <Filter>Quelldateien\Physics</Filter>
    </ClCompile>
    <ClCompile Include="Enco3D\SphereCollisionShape.cpp">
      <Filter>Quelldateien\Physics</Filter>
    </ClCompile>
    <ClCompile Include="Enco3D\StaticConcaveMeshCollisionShape.cpp">
      <Filter>Quelldateien\Physics</Filter>
    </ClCompile>
    <ClCompile Include="Enco3D\StaticPlaneCollisionShape.cpp">
      <Filter>Quelldateien\Physics</Filter>
    </ClCompile>
    <ClCompile Include="Enco3D\AudioEngine.cpp">
      <Filter>Quelldateien\Audio</Filter>
    </ClCompile>
    <ClCompile Include="Enco3D\Camera.cpp">
      <Filter>Quelldateien\Component</Filter>
    </ClCompile>
    <ClCompile Include="Enco3D\GUIText.cpp">
      <Filter>Quelldateien\Component</Filter>
    </ClCompile>
    <ClCompile Include="Enco3D\GUITexture.cpp">
      <Filter>Quelldateien\Component</Filter>
    </ClCompile>
    <ClCompile Include="Enco3D\RigidBody.cpp">
      <Filter>Quelldateien\Component</Filter>
    </ClCompile>
    <ClCompile Include="Enco3D\Skybox.cpp">
      <Filter>Quelldateien\Component</Filter>
    </ClCompile>
    <ClCompile Include="Enco3D\Font.cpp">
      <Filter>Quelldateien\Rendering</Filter>
    </ClCompile>
    <ClCompile Include="Enco3D\ShaderPool.cpp">
      <Filter>Quelldateien\Rendering</Filter>
    </ClCompile>
    <ClCompile Include="Enco3D\Shader.cpp">
      <Filter>Quelldateien\Rendering</Filter>
    </ClCompile>
    <ClCompile Include="Enco3D\RenderingEngine.cpp">
      <Filter>Quelldateien\Rendering</Filter>
    </ClCompile>
    <ClCompile Include="Enco3D\MeshResource.cpp">
      <Filter>Quelldateien\Rendering</Filter>
    </ClCompile>
    <ClCompile Include="Enco3D\Mesh.cpp">
      <Filter>Quelldateien\Rendering</Filter>
    </ClCompile>
    <ClCompile Include="Enco3D\Enco3DEngine.cpp">
      <Filter>Quelldateien\Core</Filter>
    </ClCompile>
    <ClCompile Include="Enco3D\GameObject.cpp">
      <Filter>Quelldateien\Core</Filter>
    </ClCompile>
    <ClCompile Include="Enco3D\GLWindow.cpp">
      <Filter>Quelldateien\Core</Filter>
    </ClCompile>
    <ClCompile Include="Enco3D\Input.cpp">
      <Filter>Quelldateien\Core</Filter>
    </ClCompile>
    <ClCompile Include="Enco3D\Random.cpp">
      <Filter>Quelldateien\Core</Filter>
    </ClCompile>
    <ClCompile Include="Enco3D\Timer.cpp">
      <Filter>Quelldateien\Core</Filter>
    </ClCompile>
    <ClCompile Include="Enco3D\Transform.cpp">
      <Filter>Quelldateien\Core</Filter>
    </ClCompile>
    <ClCompile Include="Enco3D\FreeMove.cpp">
      <Filter>Quelldateien\Component</Filter>
    </ClCompile>
    <ClCompile Include="Enco3D\FreeLook.cpp">
      <Filter>Quelldateien\Component</Filter>
    </ClCompile>
    <ClCompile Include="Enco3D\DefaultMesh.cpp">
      <Filter>Quelldateien\Component</Filter>
    </ClCompile>
    <ClCompile Include="Enco3D\WavefrontMaterialMesh.cpp">
      <Filter>Quelldateien\Component</Filter>
    </ClCompile>
    <ClCompile Include="Enco3D\WavefrontMesh.cpp">
      <Filter>Quelldateien\Component</Filter>
    </ClCompile>
    <ClCompile Include="Enco3D\MouseLock.cpp">
      <Filter>Quelldateien\Component</Filter>
    </ClCompile>
    <ClCompile Include="Enco3D\BloomPostProcessEffect.cpp">
      <Filter>Quelldateien\Component</Filter>
    </ClCompile>
    <ClCompile Include="Enco3D\SSAOPostProcessEffect.cpp">
      <Filter>Quelldateien\Component</Filter>
    </ClCompile>
    <ClCompile Include="Enco3D\Framebuffer.cpp">
      <Filter>Quelldateien\Rendering</Filter>
    </ClCompile>
    <ClCompile Include="Enco3D\Texture2D.cpp">
      <Filter>Quelldateien\Rendering</Filter>
    </ClCompile>
    <ClCompile Include="Enco3D\TextureCubeMap.cpp">
      <Filter>Quelldateien\Rendering</Filter>
    </ClCompile>
    <ClCompile Include="Enco3D\FontPool.cpp">
      <Filter>Quelldateien\Rendering</Filter>
    </ClCompile>
    <ClCompile Include="Enco3D\DebugLogger.cpp">
      <Filter>Quelldateien\Core</Filter>
    </ClCompile>
    <ClCompile Include="Enco3D\ImageIO.cpp">
      <Filter>Quelldateien\IO</Filter>
    </ClCompile>
    <ClCompile Include="Enco3D\Config.cpp">
      <Filter>Quelldateien\IO</Filter>
    </ClCompile>
    <ClCompile Include="Enco3D\StopWatch.cpp">
      <Filter>Quelldateien\Core</Filter>
    </ClCompile>
    <ClCompile Include="Enco3D\ErrorHandler.cpp">
      <Filter>Quelldateien\Core</Filter>
    </ClCompile>
    <ClCompile Include="Enco3D\json.cpp">
      <Filter>Quelldateien</Filter>
    </ClCompile>
    <ClCompile Include="Enco3D\HTTPRequest.cpp">
      <Filter>Quelldateien\Net</Filter>
    </ClCompile>
    <ClCompile Include="Enco3D\LODMesh.cpp">
      <Filter>Quelldateien\Component</Filter>
    </ClCompile>
    <ClCompile Include="Enco3D\Frustum.cpp">
      <Filter>Quelldateien\Core</Filter>
    </ClCompile>
    <ClCompile Include="Enco3D\PerlinNoise.cpp">
      <Filter>Quelldateien\Algorithm</Filter>
    </ClCompile>
    <ClCompile Include="Enco3D\Billboard.cpp">
      <Filter>Quelldateien\Component</Filter>
    </ClCompile>
  </ItemGroup>
  <ItemGroup>
    <ClInclude Include="Enco3D\stb_image.h">
      <Filter>Headerdateien</Filter>
    </ClInclude>
    <ClInclude Include="Enco3D\AudioEngine.h">
      <Filter>Headerdateien\Audio</Filter>
    </ClInclude>
    <ClInclude Include="Enco3D\BoxCollisionShape.h">
      <Filter>Headerdateien\Physics</Filter>
    </ClInclude>
    <ClInclude Include="Enco3D\Camera.h">
      <Filter>Headerdateien\Component</Filter>
    </ClInclude>
    <ClInclude Include="Enco3D\CapsuleCollisionShape.h">
      <Filter>Headerdateien\Physics</Filter>
    </ClInclude>
    <ClInclude Include="Enco3D\ConeCollisionShape.h">
      <Filter>Headerdateien\Physics</Filter>
    </ClInclude>
    <ClInclude Include="Enco3D\ConvexMeshCollisionShape.h">
      <Filter>Headerdateien\Physics</Filter>
    </ClInclude>
    <ClInclude Include="Enco3D\CylinderCollisionShape.h">
      <Filter>Headerdateien\Physics</Filter>
    </ClInclude>
    <ClInclude Include="Enco3D\Enco3D.h">
      <Filter>Headerdateien\Core</Filter>
    </ClInclude>
    <ClInclude Include="Enco3D\Enco3DEngine.h">
      <Filter>Headerdateien\Core</Filter>
    </ClInclude>
    <ClInclude Include="Enco3D\Event.h">
      <Filter>Headerdateien\Core</Filter>
    </ClInclude>
    <ClInclude Include="Enco3D\Font.h">
      <Filter>Headerdateien\Rendering</Filter>
    </ClInclude>
    <ClInclude Include="Enco3D\GameObject.h">
      <Filter>Headerdateien\Core</Filter>
    </ClInclude>
    <ClInclude Include="Enco3D\Input.h">
      <Filter>Headerdateien\Core</Filter>
    </ClInclude>
    <ClInclude Include="Enco3D\GLWindow.h">
      <Filter>Headerdateien\Core</Filter>
    </ClInclude>
    <ClInclude Include="Enco3D\GUIText.h">
      <Filter>Headerdateien\Component</Filter>
    </ClInclude>
    <ClInclude Include="Enco3D\GUITexture.h">
      <Filter>Headerdateien\Component</Filter>
    </ClInclude>
    <ClInclude Include="Enco3D\ICollisionShape.h">
      <Filter>Headerdateien\Physics</Filter>
    </ClInclude>
    <ClInclude Include="Enco3D\IGame.h">
      <Filter>Headerdateien\Core</Filter>
    </ClInclude>
    <ClInclude Include="Enco3D\IGameComponent.h">
      <Filter>Headerdateien\Core</Filter>
    </ClInclude>
    <ClInclude Include="Enco3D\ILight.h">
      <Filter>Headerdateien\Component</Filter>
    </ClInclude>
    <ClInclude Include="Enco3D\DirectionalLight.h">
      <Filter>Headerdateien\Component</Filter>
    </ClInclude>
    <ClInclude Include="Enco3D\Material.h">
      <Filter>Headerdateien\Rendering</Filter>
    </ClInclude>
    <ClInclude Include="Enco3D\MathUtil.h">
      <Filter>Headerdateien\Core</Filter>
    </ClInclude>
    <ClInclude Include="Enco3D\Matrix3x3.h">
      <Filter>Headerdateien\Core</Filter>
    </ClInclude>
    <ClInclude Include="Enco3D\Matrix4x4.h">
      <Filter>Headerdateien\Core</Filter>
    </ClInclude>
    <ClInclude Include="Enco3D\Mesh.h">
      <Filter>Headerdateien\Rendering</Filter>
    </ClInclude>
    <ClInclude Include="Enco3D\MeshResource.h">
      <Filter>Headerdateien\Rendering</Filter>
    </ClInclude>
    <ClInclude Include="Enco3D\PhysicsEngine.h">
      <Filter>Headerdateien\Physics</Filter>
    </ClInclude>
    <ClInclude Include="Enco3D\PhysicsHelper.h">
      <Filter>Headerdateien\Physics</Filter>
    </ClInclude>
    <ClInclude Include="Enco3D\PointLight.h">
      <Filter>Headerdateien\Component</Filter>
    </ClInclude>
    <ClInclude Include="Enco3D\Quaternion.h">
      <Filter>Headerdateien\Core</Filter>
    </ClInclude>
    <ClInclude Include="Enco3D\Random.h">
      <Filter>Headerdateien\Core</Filter>
    </ClInclude>
    <ClInclude Include="Enco3D\ReferenceCounter.h">
      <Filter>Headerdateien\Core</Filter>
    </ClInclude>
    <ClInclude Include="Enco3D\Timer.h">
      <Filter>Headerdateien\Core</Filter>
    </ClInclude>
    <ClInclude Include="Enco3D\Transform.h">
      <Filter>Headerdateien\Core</Filter>
    </ClInclude>
    <ClInclude Include="Enco3D\TSingleton.h">
      <Filter>Headerdateien\Core</Filter>
    </ClInclude>
    <ClInclude Include="Enco3D\Vector2.h">
      <Filter>Headerdateien\Core</Filter>
    </ClInclude>
    <ClInclude Include="Enco3D\Vector3.h">
      <Filter>Headerdateien\Core</Filter>
    </ClInclude>
    <ClInclude Include="Enco3D\Vector4.h">
      <Filter>Headerdateien\Core</Filter>
    </ClInclude>
    <ClInclude Include="Enco3D\RenderingEngine.h">
      <Filter>Headerdateien\Rendering</Filter>
    </ClInclude>
    <ClInclude Include="Enco3D\RigidBody.h">
      <Filter>Headerdateien\Component</Filter>
    </ClInclude>
    <ClInclude Include="Enco3D\Shader.h">
      <Filter>Headerdateien\Rendering</Filter>
    </ClInclude>
    <ClInclude Include="Enco3D\ShaderPool.h">
      <Filter>Headerdateien\Rendering</Filter>
    </ClInclude>
    <ClInclude Include="Enco3D\Skybox.h">
      <Filter>Headerdateien\Component</Filter>
    </ClInclude>
    <ClInclude Include="Enco3D\SphereCollisionShape.h">
      <Filter>Headerdateien\Physics</Filter>
    </ClInclude>
    <ClInclude Include="Enco3D\StaticConcaveMeshCollisionShape.h">
      <Filter>Headerdateien\Physics</Filter>
    </ClInclude>
    <ClInclude Include="Enco3D\StaticPlaneCollisionShape.h">
      <Filter>Headerdateien\Physics</Filter>
    </ClInclude>
    <ClInclude Include="Enco3D\Vertex.h">
      <Filter>Headerdateien\Rendering</Filter>
    </ClInclude>
    <ClInclude Include="Enco3D\SpotLight.h">
      <Filter>Headerdateien\Component</Filter>
    </ClInclude>
    <ClInclude Include="Enco3D\FreeMove.h">
      <Filter>Headerdateien\Component</Filter>
    </ClInclude>
    <ClInclude Include="Enco3D\FreeLook.h">
      <Filter>Headerdateien\Component</Filter>
    </ClInclude>
    <ClInclude Include="Enco3D\DefaultMesh.h">
      <Filter>Headerdateien\Component</Filter>
    </ClInclude>
    <ClInclude Include="Enco3D\WavefrontMaterialMesh.h">
      <Filter>Headerdateien\Component</Filter>
    </ClInclude>
    <ClInclude Include="Enco3D\WavefrontMesh.h">
      <Filter>Headerdateien\Component</Filter>
    </ClInclude>
    <ClInclude Include="Enco3D\MouseLock.h">
      <Filter>Headerdateien\Component</Filter>
    </ClInclude>
    <ClInclude Include="Enco3D\BloomPostProcessEffect.h">
      <Filter>Headerdateien\Component</Filter>
    </ClInclude>
    <ClInclude Include="Enco3D\IPostProcessEffect.h">
      <Filter>Headerdateien\Component</Filter>
    </ClInclude>
    <ClInclude Include="Enco3D\SSAOPostProcessEffect.h">
      <Filter>Headerdateien\Component</Filter>
    </ClInclude>
    <ClInclude Include="Enco3D\Framebuffer.h">
      <Filter>Headerdateien\Rendering</Filter>
    </ClInclude>
    <ClInclude Include="Enco3D\ITexture.h">
      <Filter>Headerdateien\Rendering</Filter>
    </ClInclude>
    <ClInclude Include="Enco3D\Texture2D.h">
      <Filter>Headerdateien\Rendering</Filter>
    </ClInclude>
    <ClInclude Include="Enco3D\TextureCubeMap.h">
      <Filter>Headerdateien\Rendering</Filter>
    </ClInclude>
    <ClInclude Include="Enco3D\FontPool.h">
      <Filter>Headerdateien\Rendering</Filter>
    </ClInclude>
    <ClInclude Include="Enco3D\DebugLogger.h">
      <Filter>Headerdateien\Core</Filter>
    </ClInclude>
    <ClInclude Include="Enco3D\ImageIO.h">
      <Filter>Headerdateien\IO</Filter>
    </ClInclude>
    <ClInclude Include="Enco3D\Config.h">
      <Filter>Headerdateien\IO</Filter>
    </ClInclude>
    <ClInclude Include="Enco3D\StopWatch.h">
      <Filter>Headerdateien\Core</Filter>
    </ClInclude>
    <ClInclude Include="Enco3D\ErrorHandler.h">
      <Filter>Headerdateien\Core</Filter>
    </ClInclude>
    <ClInclude Include="Enco3D\json.h">
      <Filter>Headerdateien</Filter>
    </ClInclude>
    <ClInclude Include="Enco3D\LODMesh.h">
      <Filter>Headerdateien\Component</Filter>
    </ClInclude>
    <ClInclude Include="Enco3D\HTTPRequest.h">
      <Filter>Headerdateien\Net</Filter>
    </ClInclude>
    <ClInclude Include="Enco3D\Frustum.h">
      <Filter>Headerdateien\Core</Filter>
    </ClInclude>
    <ClInclude Include="Enco3D\Plane.h">
      <Filter>Headerdateien\Core</Filter>
    </ClInclude>
    <ClInclude Include="Enco3D\BoundingBox.h">
      <Filter>Headerdateien\Core</Filter>
    </ClInclude>
    <ClInclude Include="Enco3D\BoundingSphere.h">
      <Filter>Headerdateien\Core</Filter>
    </ClInclude>
    <ClInclude Include="Enco3D\Contains.h">
      <Filter>Headerdateien\Core</Filter>
    </ClInclude>
    <ClInclude Include="Enco3D\PlaneIntersectionType.h">
      <Filter>Headerdateien\Core</Filter>
    </ClInclude>
    <ClInclude Include="Enco3D\INoise.h">
      <Filter>Headerdateien\Algorithm</Filter>
    </ClInclude>
    <ClInclude Include="Enco3D\PerlinNoise.h">
      <Filter>Headerdateien\Algorithm</Filter>
    </ClInclude>
    <ClInclude Include="Enco3D\Billboard.h">
      <Filter>Headerdateien\Component</Filter>
    </ClInclude>
    <ClInclude Include="Enco3D\DLLExport.h">
      <Filter>Headerdateien\Core</Filter>
    </ClInclude>
  </ItemGroup>
</Project>