<?xml version="1.0" encoding="utf-8"?>
<Project ToolsVersion="4.0" xmlns="http://schemas.microsoft.com/developer/msbuild/2003">
  <ItemGroup>
    <Filter Include="Quelldateien">
      <UniqueIdentifier>{4FC737F1-C7A5-4376-A066-2A32D752A2FF}</UniqueIdentifier>
      <Extensions>cpp;c;cc;cxx;def;odl;idl;hpj;bat;asm;asmx</Extensions>
    </Filter>
    <Filter Include="Headerdateien">
      <UniqueIdentifier>{93995380-89BD-4b04-88EB-625FBE52EBFB}</UniqueIdentifier>
      <Extensions>h;hh;hpp;hxx;hm;inl;inc;xsd</Extensions>
    </Filter>
    <Filter Include="stb_image">
      <UniqueIdentifier>{b4ea0383-0828-4a40-a2b5-d6a792198ad9}</UniqueIdentifier>
    </Filter>
    <Filter Include="Headerdateien\Enco3D">
      <UniqueIdentifier>{c78c5600-1c95-4afa-a8b6-f4543a2d6087}</UniqueIdentifier>
    </Filter>
    <Filter Include="Quelldateien\Enco3D">
      <UniqueIdentifier>{3f0482d5-2d3b-4631-a5e7-ba2bc75b8ec9}</UniqueIdentifier>
    </Filter>
  </ItemGroup>
  <ItemGroup>
    <ClCompile Include="Enco3D\AudioEngine.cpp">
      <Filter>Quelldateien</Filter>
    </ClCompile>
    <ClCompile Include="Enco3D\BoxCollisionShape.cpp">
      <Filter>Quelldateien</Filter>
    </ClCompile>
    <ClCompile Include="Enco3D\Camera.cpp">
      <Filter>Quelldateien</Filter>
    </ClCompile>
    <ClCompile Include="Enco3D\CapsuleCollisionShape.cpp">
      <Filter>Quelldateien</Filter>
    </ClCompile>
    <ClCompile Include="Enco3D\ConeCollisionShape.cpp">
      <Filter>Quelldateien</Filter>
    </ClCompile>
    <ClCompile Include="Enco3D\ConvexMeshCollisionShape.cpp">
      <Filter>Quelldateien</Filter>
    </ClCompile>
    <ClCompile Include="Enco3D\CylinderCollisionShape.cpp">
      <Filter>Quelldateien</Filter>
    </ClCompile>
    <ClCompile Include="Enco3D\Enco3DEngine.cpp">
      <Filter>Quelldateien</Filter>
    </ClCompile>
    <ClCompile Include="Enco3D\FirstPersonController.cpp">
      <Filter>Quelldateien</Filter>
    </ClCompile>
    <ClCompile Include="Enco3D\Font.cpp">
      <Filter>Quelldateien</Filter>
    </ClCompile>
    <ClCompile Include="Enco3D\FontDatabase.cpp">
      <Filter>Quelldateien</Filter>
    </ClCompile>
    <ClCompile Include="Enco3D\GameObject.cpp">
      <Filter>Quelldateien</Filter>
    </ClCompile>
    <ClCompile Include="Enco3D\GBuffer.cpp">
      <Filter>Quelldateien</Filter>
    </ClCompile>
    <ClCompile Include="Enco3D\GLWindow.cpp">
      <Filter>Quelldateien</Filter>
    </ClCompile>
    <ClCompile Include="Enco3D\GUIText.cpp">
      <Filter>Quelldateien</Filter>
    </ClCompile>
    <ClCompile Include="Enco3D\GUITexture.cpp">
      <Filter>Quelldateien</Filter>
    </ClCompile>
    <ClCompile Include="Enco3D\IndexedModel.cpp">
      <Filter>Quelldateien</Filter>
    </ClCompile>
    <ClCompile Include="Enco3D\Input.cpp">
      <Filter>Quelldateien</Filter>
    </ClCompile>
    <ClCompile Include="Enco3D\Mesh.cpp">
      <Filter>Quelldateien</Filter>
    </ClCompile>
    <ClCompile Include="Enco3D\MeshRenderer.cpp">
      <Filter>Quelldateien</Filter>
    </ClCompile>
    <ClCompile Include="Enco3D\MeshResource.cpp">
      <Filter>Quelldateien</Filter>
    </ClCompile>
    <ClCompile Include="Enco3D\OBJModel.cpp">
      <Filter>Quelldateien</Filter>
    </ClCompile>
    <ClCompile Include="Enco3D\PhysicsEngine.cpp">
      <Filter>Quelldateien</Filter>
    </ClCompile>
    <ClCompile Include="Enco3D\Random.cpp">
      <Filter>Quelldateien</Filter>
    </ClCompile>
    <ClCompile Include="Enco3D\RenderingEngine.cpp">
      <Filter>Quelldateien</Filter>
    </ClCompile>
    <ClCompile Include="Enco3D\RigidBody.cpp">
      <Filter>Quelldateien</Filter>
    </ClCompile>
    <ClCompile Include="Enco3D\Shader.cpp">
      <Filter>Quelldateien</Filter>
    </ClCompile>
    <ClCompile Include="Enco3D\ShaderPool.cpp">
      <Filter>Quelldateien</Filter>
    </ClCompile>
    <ClCompile Include="Enco3D\Skybox.cpp">
      <Filter>Quelldateien</Filter>
    </ClCompile>
    <ClCompile Include="Enco3D\SphereCollisionShape.cpp">
      <Filter>Quelldateien</Filter>
    </ClCompile>
    <ClCompile Include="Enco3D\StaticConcaveMeshCollisionShape.cpp">
      <Filter>Quelldateien</Filter>
    </ClCompile>
    <ClCompile Include="Enco3D\StaticPlaneCollisionShape.cpp">
      <Filter>Quelldateien</Filter>
    </ClCompile>
    <ClCompile Include="Enco3D\stb_image.c">
      <Filter>Quelldateien</Filter>
    </ClCompile>
    <ClCompile Include="Enco3D\Texture.cpp">
      <Filter>Quelldateien</Filter>
    </ClCompile>
    <ClCompile Include="Enco3D\Timer.cpp">
      <Filter>Quelldateien</Filter>
    </ClCompile>
    <ClCompile Include="Enco3D\Transform.cpp">
      <Filter>Quelldateien</Filter>
    </ClCompile>
    <ClCompile Include="Enco3D\WavefrontMesh.cpp">
      <Filter>Quelldateien</Filter>
    </ClCompile>
    <ClCompile Include="Enco3DDevice.cpp">
      <Filter>Quelldateien\Enco3D</Filter>
    </ClCompile>
    <ClCompile Include="CWindow_SDL2.cpp">
      <Filter>Quelldateien\Enco3D</Filter>
    </ClCompile>
    <ClCompile Include="CGraphicsDevice_OpenGL15.cpp">
      <Filter>Quelldateien\Enco3D</Filter>
    </ClCompile>
    <ClCompile Include="CWindow_Win32_OpenGL.cpp">
      <Filter>Quelldateien\Enco3D</Filter>
    </ClCompile>
    <ClCompile Include="CTimer.cpp">
      <Filter>Quelldateien\Enco3D</Filter>
    </ClCompile>
    <ClCompile Include="CCodedMesh.cpp">
      <Filter>Quelldateien\Enco3D</Filter>
    </ClCompile>
    <ClCompile Include="CSceneManager.cpp">
      <Filter>Quelldateien\Enco3D</Filter>
    </ClCompile>
    <ClCompile Include="CCodedMeshSceneNode.cpp">
      <Filter>Quelldateien\Enco3D</Filter>
    </ClCompile>
    <ClCompile Include="CFrameCounter.cpp">
      <Filter>Quelldateien\Enco3D</Filter>
    </ClCompile>
    <ClCompile Include="CPhysicsDevice_BulletPhysics.cpp">
      <Filter>Quelldateien\Enco3D</Filter>
    </ClCompile>
  </ItemGroup>
  <ItemGroup>
    <ClInclude Include="Enco3D\AudioEngine.h">
      <Filter>Headerdateien</Filter>
    </ClInclude>
    <ClInclude Include="Enco3D\BoxCollisionShape.h">
      <Filter>Headerdateien</Filter>
    </ClInclude>
    <ClInclude Include="Enco3D\Camera.h">
      <Filter>Headerdateien</Filter>
    </ClInclude>
    <ClInclude Include="Enco3D\CapsuleCollisionShape.h">
      <Filter>Headerdateien</Filter>
    </ClInclude>
    <ClInclude Include="Enco3D\ConeCollisionShape.h">
      <Filter>Headerdateien</Filter>
    </ClInclude>
    <ClInclude Include="Enco3D\Console.h">
      <Filter>Headerdateien</Filter>
    </ClInclude>
    <ClInclude Include="Enco3D\ConvexMeshCollisionShape.h">
      <Filter>Headerdateien</Filter>
    </ClInclude>
    <ClInclude Include="Enco3D\CylinderCollisionShape.h">
      <Filter>Headerdateien</Filter>
    </ClInclude>
    <ClInclude Include="Enco3D\DirectionalLight.h">
      <Filter>Headerdateien</Filter>
    </ClInclude>
    <ClInclude Include="Enco3D\Enco3D.h">
      <Filter>Headerdateien</Filter>
    </ClInclude>
    <ClInclude Include="Enco3D\Enco3DEngine.h">
      <Filter>Headerdateien</Filter>
    </ClInclude>
    <ClInclude Include="Enco3D\Error.h">
      <Filter>Headerdateien</Filter>
    </ClInclude>
    <ClInclude Include="Enco3D\Event.h">
      <Filter>Headerdateien</Filter>
    </ClInclude>
    <ClInclude Include="Enco3D\FirstPersonController.h">
      <Filter>Headerdateien</Filter>
    </ClInclude>
    <ClInclude Include="Enco3D\Font.h">
      <Filter>Headerdateien</Filter>
    </ClInclude>
    <ClInclude Include="Enco3D\FontDatabase.h">
      <Filter>Headerdateien</Filter>
    </ClInclude>
    <ClInclude Include="Enco3D\GameObject.h">
      <Filter>Headerdateien</Filter>
    </ClInclude>
    <ClInclude Include="Enco3D\GBuffer.h">
      <Filter>Headerdateien</Filter>
    </ClInclude>
    <ClInclude Include="Enco3D\GLWindow.h">
      <Filter>Headerdateien</Filter>
    </ClInclude>
    <ClInclude Include="Enco3D\GUIText.h">
      <Filter>Headerdateien</Filter>
    </ClInclude>
    <ClInclude Include="Enco3D\GUITexture.h">
      <Filter>Headerdateien</Filter>
    </ClInclude>
    <ClInclude Include="Enco3D\ICollisionShape.h">
      <Filter>Headerdateien</Filter>
    </ClInclude>
    <ClInclude Include="Enco3D\IGame.h">
      <Filter>Headerdateien</Filter>
    </ClInclude>
    <ClInclude Include="Enco3D\IGameComponent.h">
      <Filter>Headerdateien</Filter>
    </ClInclude>
    <ClInclude Include="Enco3D\ILight.h">
      <Filter>Headerdateien</Filter>
    </ClInclude>
    <ClInclude Include="Enco3D\IndexedModel.h">
      <Filter>Headerdateien</Filter>
    </ClInclude>
    <ClInclude Include="Enco3D\Input.h">
      <Filter>Headerdateien</Filter>
    </ClInclude>
    <ClInclude Include="Enco3D\Material.h">
      <Filter>Headerdateien</Filter>
    </ClInclude>
    <ClInclude Include="Enco3D\MathUtil.h">
      <Filter>Headerdateien</Filter>
    </ClInclude>
    <ClInclude Include="Enco3D\Matrix3x3.h">
      <Filter>Headerdateien</Filter>
    </ClInclude>
    <ClInclude Include="Enco3D\Matrix4x4.h">
      <Filter>Headerdateien</Filter>
    </ClInclude>
    <ClInclude Include="Enco3D\Mesh.h">
      <Filter>Headerdateien</Filter>
    </ClInclude>
    <ClInclude Include="Enco3D\MeshRenderer.h">
      <Filter>Headerdateien</Filter>
    </ClInclude>
    <ClInclude Include="Enco3D\MeshResource.h">
      <Filter>Headerdateien</Filter>
    </ClInclude>
    <ClInclude Include="Enco3D\OBJModel.h">
      <Filter>Headerdateien</Filter>
    </ClInclude>
    <ClInclude Include="Enco3D\PhysicsEngine.h">
      <Filter>Headerdateien</Filter>
    </ClInclude>
    <ClInclude Include="Enco3D\PhysicsHelper.h">
      <Filter>Headerdateien</Filter>
    </ClInclude>
    <ClInclude Include="Enco3D\PointLight.h">
      <Filter>Headerdateien</Filter>
    </ClInclude>
    <ClInclude Include="Enco3D\Quaternion.h">
      <Filter>Headerdateien</Filter>
    </ClInclude>
    <ClInclude Include="Enco3D\Random.h">
      <Filter>Headerdateien</Filter>
    </ClInclude>
    <ClInclude Include="Enco3D\ReferenceCounter.h">
      <Filter>Headerdateien</Filter>
    </ClInclude>
    <ClInclude Include="Enco3D\RenderingEngine.h">
      <Filter>Headerdateien</Filter>
    </ClInclude>
    <ClInclude Include="Enco3D\RigidBody.h">
      <Filter>Headerdateien</Filter>
    </ClInclude>
    <ClInclude Include="Enco3D\Shader.h">
      <Filter>Headerdateien</Filter>
    </ClInclude>
    <ClInclude Include="Enco3D\ShaderPool.h">
      <Filter>Headerdateien</Filter>
    </ClInclude>
    <ClInclude Include="Enco3D\Skybox.h">
      <Filter>Headerdateien</Filter>
    </ClInclude>
    <ClInclude Include="Enco3D\SphereCollisionShape.h">
      <Filter>Headerdateien</Filter>
    </ClInclude>
    <ClInclude Include="Enco3D\SpotLight.h">
      <Filter>Headerdateien</Filter>
    </ClInclude>
    <ClInclude Include="Enco3D\StaticConcaveMeshCollisionShape.h">
      <Filter>Headerdateien</Filter>
    </ClInclude>
    <ClInclude Include="Enco3D\StaticPlaneCollisionShape.h">
      <Filter>Headerdateien</Filter>
    </ClInclude>
    <ClInclude Include="Enco3D\stb_image.h">
      <Filter>Headerdateien</Filter>
    </ClInclude>
    <ClInclude Include="Enco3D\Texture.h">
      <Filter>Headerdateien</Filter>
    </ClInclude>
    <ClInclude Include="Enco3D\Timer.h">
      <Filter>Headerdateien</Filter>
    </ClInclude>
    <ClInclude Include="Enco3D\Transform.h">
      <Filter>Headerdateien</Filter>
    </ClInclude>
    <ClInclude Include="Enco3D\TSingleton.h">
      <Filter>Headerdateien</Filter>
    </ClInclude>
    <ClInclude Include="Enco3D\Vector2.h">
      <Filter>Headerdateien</Filter>
    </ClInclude>
    <ClInclude Include="Enco3D\Vector3.h">
      <Filter>Headerdateien</Filter>
    </ClInclude>
    <ClInclude Include="Enco3D\Vector4.h">
      <Filter>Headerdateien</Filter>
    </ClInclude>
    <ClInclude Include="Enco3D\Vertex.h">
      <Filter>Headerdateien</Filter>
    </ClInclude>
    <ClInclude Include="Enco3D\WavefrontMesh.h">
      <Filter>Headerdateien</Filter>
    </ClInclude>
    <ClInclude Include="Enco3DDevice.h">
      <Filter>Headerdateien\Enco3D</Filter>
    </ClInclude>
    <ClInclude Include="EEnco3DDriverTypes.h">
      <Filter>Headerdateien\Enco3D</Filter>
    </ClInclude>
    <ClInclude Include="IGraphicsDevice.h">
      <Filter>Headerdateien\Enco3D</Filter>
    </ClInclude>
    <ClInclude Include="SColor4.h">
      <Filter>Headerdateien\Enco3D</Filter>
    </ClInclude>
    <ClInclude Include="Enco3DDatatypes.h">
      <Filter>Headerdateien\Enco3D</Filter>
    </ClInclude>
    <ClInclude Include="SDimension2.h">
      <Filter>Headerdateien\Enco3D</Filter>
    </ClInclude>
    <ClInclude Include="EVertexComponents.h">
      <Filter>Headerdateien\Enco3D</Filter>
    </ClInclude>
    <ClInclude Include="Enco3D.h">
      <Filter>Headerdateien\Enco3D</Filter>
    </ClInclude>
    <ClInclude Include="Enco3DUtil.h">
      <Filter>Headerdateien\Enco3D</Filter>
    </ClInclude>
    <ClInclude Include="IWindow.h">
      <Filter>Headerdateien\Enco3D</Filter>
    </ClInclude>
    <ClInclude Include="SVector2.h">
      <Filter>Headerdateien\Enco3D</Filter>
    </ClInclude>
    <ClInclude Include="Enco3DMath.h">
      <Filter>Headerdateien\Enco3D</Filter>
    </ClInclude>
    <ClInclude Include="CWindow_SDL2.h">
      <Filter>Headerdateien\Enco3D</Filter>
    </ClInclude>
    <ClInclude Include="SVector3.h">
      <Filter>Headerdateien\Enco3D</Filter>
    </ClInclude>
    <ClInclude Include="CGraphicsDevice_OpenGL15.h">
      <Filter>Headerdateien\Enco3D</Filter>
    </ClInclude>
    <ClInclude Include="CWindow_Win32_OpenGL.h">
      <Filter>Headerdateien\Enco3D</Filter>
    </ClInclude>
    <ClInclude Include="CFile.h">
      <Filter>Headerdateien\Enco3D</Filter>
    </ClInclude>
    <ClInclude Include="SMatrixNxM.h">
      <Filter>Headerdateien\Enco3D</Filter>
    </ClInclude>
    <ClInclude Include="CTimer.h">
      <Filter>Headerdateien\Enco3D</Filter>
    </ClInclude>
    <ClInclude Include="IMesh.h">
      <Filter>Headerdateien\Enco3D</Filter>
    </ClInclude>
    <ClInclude Include="CCodedMesh.h">
      <Filter>Headerdateien\Enco3D</Filter>
    </ClInclude>
    <ClInclude Include="CSceneManager.h">
      <Filter>Headerdateien\Enco3D</Filter>
    </ClInclude>
    <ClInclude Include="ISceneNode.h">
      <Filter>Headerdateien\Enco3D</Filter>
    </ClInclude>
    <ClInclude Include="CCodedMeshSceneNode.h">
      <Filter>Headerdateien\Enco3D</Filter>
    </ClInclude>
    <ClInclude Include="CTransform.h">
      <Filter>Headerdateien\Enco3D</Filter>
    </ClInclude>
    <ClInclude Include="CCamera.h">
      <Filter>Headerdateien\Enco3D</Filter>
    </ClInclude>
    <ClInclude Include="CFrameCounter.h">
      <Filter>Headerdateien\Enco3D</Filter>
    </ClInclude>
    <ClInclude Include="ILight.h">
      <Filter>Headerdateien\Enco3D</Filter>
    </ClInclude>
    <ClInclude Include="Enco3DRenderUtil.h">
      <Filter>Headerdateien\Enco3D</Filter>
    </ClInclude>
    <ClInclude Include="IPhysicsDevice.h">
      <Filter>Headerdateien\Enco3D</Filter>
    </ClInclude>
    <ClInclude Include="CPhysicsDevice_BulletPhysics.h">
      <Filter>Headerdateien\Enco3D</Filter>
    </ClInclude>
  </ItemGroup>
</Project>